
Microsoft Visual Studio Solution File, Format Version 12.00
# Visual Studio Version 16
VisualStudioVersion = 16.0.31105.61
MinimumVisualStudioVersion = 10.0.40219.1
Project("{FAE04EC0-301F-11D3-BF4B-00C04F79EFBC}") = "Sum of differences between products and LCMs", "Sum of differences between products and LCMs.csproj", "{FB13CC8F-67A1-45BD-8401-70C6C0B83E4A}"
EndProject
Global
	GlobalSection(SolutionConfigurationPlatforms) = preSolution
		Debug|Any CPU = Debug|Any CPU
		Release|Any CPU = Release|Any CPU
	EndGlobalSection
	GlobalSection(ProjectConfigurationPlatforms) = postSolution
		{FB13CC8F-67A1-45BD-8401-70C6C0B83E4A}.Debug|Any CPU.ActiveCfg = Debug|Any CPU
		{FB13CC8F-67A1-45BD-8401-70C6C0B83E4A}.Debug|Any CPU.Build.0 = Debug|Any CPU
		{FB13CC8F-67A1-45BD-8401-70C6C0B83E4A}.Release|Any CPU.ActiveCfg = Release|Any CPU
		{FB13CC8F-67A1-45BD-8401-70C6C0B83E4A}.Release|Any CPU.Build.0 = Release|Any CPU
	EndGlobalSection
	GlobalSection(SolutionProperties) = preSolution
		HideSolutionNode = FALSE
	EndGlobalSection
	GlobalSection(ExtensibilityGlobals) = postSolution
		SolutionGuid = {B3331504-821C-4337-BBA5-38FAEBB5C49E}
	EndGlobalSection
EndGlobal
