
Microsoft Visual Studio Solution File, Format Version 12.00
# Visual Studio Version 16
VisualStudioVersion = 16.0.31105.61
MinimumVisualStudioVersion = 10.0.40219.1
Project("{FAE04EC0-301F-11D3-BF4B-00C04F79EFBC}") = "readdirectory", "readdirectory.csproj", "{450D7A9F-F95A-4298-847E-C8FC34887DFC}"
EndProject
Global
	GlobalSection(SolutionConfigurationPlatforms) = preSolution
		Debug|Any CPU = Debug|Any CPU
		Release|Any CPU = Release|Any CPU
	EndGlobalSection
	GlobalSection(ProjectConfigurationPlatforms) = postSolution
		{450D7A9F-F95A-4298-847E-C8FC34887DFC}.Debug|Any CPU.ActiveCfg = Debug|Any CPU
		{450D7A9F-F95A-4298-847E-C8FC34887DFC}.Debug|Any CPU.Build.0 = Debug|Any CPU
		{450D7A9F-F95A-4298-847E-C8FC34887DFC}.Release|Any CPU.ActiveCfg = Release|Any CPU
		{450D7A9F-F95A-4298-847E-C8FC34887DFC}.Release|Any CPU.Build.0 = Release|Any CPU
	EndGlobalSection
	GlobalSection(SolutionProperties) = preSolution
		HideSolutionNode = FALSE
	EndGlobalSection
	GlobalSection(ExtensibilityGlobals) = postSolution
		SolutionGuid = {453BC712-8885-435E-9A13-D7BC28D55221}
	EndGlobalSection
EndGlobal
